# This file is autogenerated, do not edit; changes may be undone by the next 'dep ensure'.


[[projects]]
  digest = "1:740f0e477ddda011071f5e076ac9d38a0f6cee3ad3a924ab2acdd45b74a3c05c"
  name = "github.com/apex/log"
  packages = ["."]
  pruneopts = "UT"
  revision = "941dea75d3ebfbdd905a5d8b7b232965c5e5c684"
  version = "v1.1.0"

[[projects]]
  branch = "master"
  digest = "1:90ff1ca2edd8e1304cf13981e9664c0395c6264ed96a829bf426ce445864a220"
  name = "github.com/chrislusf/glow"
  packages = [
    "flow",
    "netchan",
    "netchan/receiver",
    "netchan/sender",
    "resource",
    "resource/service_discovery/client",
    "resource/service_discovery/master",
    "util",
  ]
  pruneopts = "UT"
  revision = "4c40a2717eee6512247ce30ab8a8428348d6d9e9"

[[projects]]
  branch = "master"
  digest = "1:4a0c6bb4805508a6287675fac876be2ac1182539ca8a32468d8128882e9d5009"
  name = "github.com/golang/snappy"
  packages = ["."]
  pruneopts = "UT"
  revision = "2e65f85255dbc3072edf28d6b5b8efc472979f5a"

[[projects]]
  branch = "master"
  digest = "1:5c3444689562053b027ef3b96372e306adbe0d7d109b6cdd48d01eb80f8bab14"
  name = "github.com/jinzhu/copier"
  packages = ["."]
  pruneopts = "UT"
  revision = "7e38e58719c33e0d44d585c4ab477a30f8cb82dd"

[[projects]]
  digest = "1:40e195917a951a8bf867cd05de2a46aaf1806c50cf92eebf4c16f78cd196f747"
  name = "github.com/pkg/errors"
  packages = ["."]
  pruneopts = "UT"
  revision = "645ef00459ed84a119197bfb8d8205042c6df63d"
  version = "v0.8.0"

[[projects]]
  branch = "master"
  digest = "1:d5d6a13e234e212adda91d3609716f696830c87aaed7f012f3bb6cbdc1157d4c"
  name = "github.com/psilva261/timsort"
  packages = ["."]
  pruneopts = "UT"
  revision = "13f2155f4809c8735e0186f3d80848200d92f876"

[[projects]]
  branch = "master"
  digest = "1:685fdfea42d825ebd39ee0994354b46c374cf2c2b2d97a41a8dee1807c6a9b62"
  name = "github.com/syndtr/goleveldb"
  packages = [
    "leveldb",
    "leveldb/cache",
    "leveldb/comparer",
    "leveldb/errors",
    "leveldb/filter",
    "leveldb/iterator",
    "leveldb/journal",
    "leveldb/memdb",
    "leveldb/opt",
    "leveldb/storage",
    "leveldb/table",
    "leveldb/util",
  ]
  pruneopts = "UT"
  revision = "b001fa50d6b27f3f0bb175a87d0cb55426d0a0ae"

[[projects]]
  branch = "master"
  digest = "1:8fa03cb74ac5c89555750948a9f225a73bf34c9aa87ee9202b8e88c9f3b5d6fb"
  name = "github.com/ulule/deepcopier"
  packages = ["."]
  pruneopts = "UT"
  revision = "ca99b135e50f526fde9cd88705f0ff2f3f95b77c"

[solve-meta]
  analyzer-name = "dep"
  analyzer-version = 1
  input-imports = [
    "github.com/apex/log",
    "github.com/chrislusf/glow/flow",
    "github.com/jinzhu/copier",
    "github.com/syndtr/goleveldb/leveldb",
    "github.com/syndtr/goleveldb/leveldb/filter",
    "github.com/syndtr/goleveldb/leveldb/opt",
    "github.com/syndtr/goleveldb/leveldb/util",
    "github.com/ulule/deepcopier",
  ]
  solver-name = "gps-cdcl"
  solver-version = 1
